
Microsoft Visual Studio Solution File, Format Version 12.00
# Visual Studio Version 17
VisualStudioVersion = 17.2.32630.192
MinimumVisualStudioVersion = 10.0.40219.1
Project("{FAE04EC0-301F-11D3-BF4B-00C04F79EFBC}") = "bubble sort", "bubble sort\bubble sort.csproj", "{65F4C927-6D5F-4D3F-9571-E5B312738767}"
EndProject
Global
	GlobalSection(SolutionConfigurationPlatforms) = preSolution
		Debug|Any CPU = Debug|Any CPU
		Release|Any CPU = Release|Any CPU
	EndGlobalSection
	GlobalSection(ProjectConfigurationPlatforms) = postSolution
		{65F4C927-6D5F-4D3F-9571-E5B312738767}.Debug|Any CPU.ActiveCfg = Debug|Any CPU
		{65F4C927-6D5F-4D3F-9571-E5B312738767}.Debug|Any CPU.Build.0 = Debug|Any CPU
		{65F4C927-6D5F-4D3F-9571-E5B312738767}.Release|Any CPU.ActiveCfg = Release|Any CPU
		{65F4C927-6D5F-4D3F-9571-E5B312738767}.Release|Any CPU.Build.0 = Release|Any CPU
	EndGlobalSection
	GlobalSection(SolutionProperties) = preSolution
		HideSolutionNode = FALSE
	EndGlobalSection
	GlobalSection(ExtensibilityGlobals) = postSolution
		SolutionGuid = {C57EA3A9-AE01-46C4-8CFB-89340CA6F26F}
	EndGlobalSection
EndGlobal
