
Microsoft Visual Studio Solution File, Format Version 12.00
# Visual Studio Version 17
VisualStudioVersion = 17.2.32630.192
MinimumVisualStudioVersion = 10.0.40219.1
Project("{FAE04EC0-301F-11D3-BF4B-00C04F79EFBC}") = "Heap Sort", "Heap Sort\Heap Sort.csproj", "{2745BC0F-0A3D-4B2F-BEA4-0F3E80368F70}"
EndProject
Global
	GlobalSection(SolutionConfigurationPlatforms) = preSolution
		Debug|Any CPU = Debug|Any CPU
		Release|Any CPU = Release|Any CPU
	EndGlobalSection
	GlobalSection(ProjectConfigurationPlatforms) = postSolution
		{2745BC0F-0A3D-4B2F-BEA4-0F3E80368F70}.Debug|Any CPU.ActiveCfg = Debug|Any CPU
		{2745BC0F-0A3D-4B2F-BEA4-0F3E80368F70}.Debug|Any CPU.Build.0 = Debug|Any CPU
		{2745BC0F-0A3D-4B2F-BEA4-0F3E80368F70}.Release|Any CPU.ActiveCfg = Release|Any CPU
		{2745BC0F-0A3D-4B2F-BEA4-0F3E80368F70}.Release|Any CPU.Build.0 = Release|Any CPU
	EndGlobalSection
	GlobalSection(SolutionProperties) = preSolution
		HideSolutionNode = FALSE
	EndGlobalSection
	GlobalSection(ExtensibilityGlobals) = postSolution
		SolutionGuid = {6A3D59F0-D605-40A1-8F09-C67074F5C317}
	EndGlobalSection
EndGlobal
